
Microsoft Visual Studio Solution File, Format Version 12.00
# Visual Studio Version 16
VisualStudioVersion = 16.0.31402.337
MinimumVisualStudioVersion = 10.0.40219.1
Project("{FAE04EC0-301F-11D3-BF4B-00C04F79EFBC}") = "Entities", "Entities\Entities.csproj", "{69469D22-B3C2-482F-9B60-BA744494434F}"
EndProject
Project("{FAE04EC0-301F-11D3-BF4B-00C04F79EFBC}") = "DataAccess", "DataAccess\DataAccess.csproj", "{365BAA0D-FE6F-4EBB-BEAC-BD9E7180E80A}"
EndProject
Project("{FAE04EC0-301F-11D3-BF4B-00C04F79EFBC}") = "Business", "Business\Business.csproj", "{BDED6659-ACF1-41FA-A323-7D66D11311D2}"
EndProject
Project("{FAE04EC0-301F-11D3-BF4B-00C04F79EFBC}") = "ConsoleUI", "ConsoleUI\ConsoleUI.csproj", "{03B640AE-D410-4692-B105-26D0E1BB76C9}"
EndProject
Global
	GlobalSection(SolutionConfigurationPlatforms) = preSolution
		Debug|Any CPU = Debug|Any CPU
		Release|Any CPU = Release|Any CPU
	EndGlobalSection
	GlobalSection(ProjectConfigurationPlatforms) = postSolution
		{69469D22-B3C2-482F-9B60-BA744494434F}.Debug|Any CPU.ActiveCfg = Debug|Any CPU
		{69469D22-B3C2-482F-9B60-BA744494434F}.Debug|Any CPU.Build.0 = Debug|Any CPU
		{69469D22-B3C2-482F-9B60-BA744494434F}.Release|Any CPU.ActiveCfg = Release|Any CPU
		{69469D22-B3C2-482F-9B60-BA744494434F}.Release|Any CPU.Build.0 = Release|Any CPU
		{365BAA0D-FE6F-4EBB-BEAC-BD9E7180E80A}.Debug|Any CPU.ActiveCfg = Debug|Any CPU
		{365BAA0D-FE6F-4EBB-BEAC-BD9E7180E80A}.Debug|Any CPU.Build.0 = Debug|Any CPU
		{365BAA0D-FE6F-4EBB-BEAC-BD9E7180E80A}.Release|Any CPU.ActiveCfg = Release|Any CPU
		{365BAA0D-FE6F-4EBB-BEAC-BD9E7180E80A}.Release|Any CPU.Build.0 = Release|Any CPU
		{BDED6659-ACF1-41FA-A323-7D66D11311D2}.Debug|Any CPU.ActiveCfg = Debug|Any CPU
		{BDED6659-ACF1-41FA-A323-7D66D11311D2}.Debug|Any CPU.Build.0 = Debug|Any CPU
		{BDED6659-ACF1-41FA-A323-7D66D11311D2}.Release|Any CPU.ActiveCfg = Release|Any CPU
		{BDED6659-ACF1-41FA-A323-7D66D11311D2}.Release|Any CPU.Build.0 = Release|Any CPU
		{03B640AE-D410-4692-B105-26D0E1BB76C9}.Debug|Any CPU.ActiveCfg = Debug|Any CPU
		{03B640AE-D410-4692-B105-26D0E1BB76C9}.Debug|Any CPU.Build.0 = Debug|Any CPU
		{03B640AE-D410-4692-B105-26D0E1BB76C9}.Release|Any CPU.ActiveCfg = Release|Any CPU
		{03B640AE-D410-4692-B105-26D0E1BB76C9}.Release|Any CPU.Build.0 = Release|Any CPU
	EndGlobalSection
	GlobalSection(SolutionProperties) = preSolution
		HideSolutionNode = FALSE
	EndGlobalSection
	GlobalSection(ExtensibilityGlobals) = postSolution
		SolutionGuid = {19372E71-0DE7-4EB6-86FA-9A8E2314BF65}
	EndGlobalSection
EndGlobal
